
Microsoft Visual Studio Solution File, Format Version 12.00
# Visual Studio Version 16
VisualStudioVersion = 16.0.30320.27
MinimumVisualStudioVersion = 10.0.40219.1
Project("{9A19103F-16F7-4668-BE54-9A1E7A4F7556}") = "SeansFootballApi", "SeansFootballApi\SeansFootballApi.csproj", "{63D1136B-0D71-4901-A1DD-C1D9BB754441}"
EndProject
Project("{00D1A9C2-B5F0-4AF3-8072-F6C62B433612}") = "FootballApiDb", "FootballApiDb\FootballApiDb.sqlproj", "{766B3021-C15D-4FC7-B4DD-B9579FBCEB7E}"
EndProject
Global
	GlobalSection(SolutionConfigurationPlatforms) = preSolution
		Debug|Any CPU = Debug|Any CPU
		Release|Any CPU = Release|Any CPU
	EndGlobalSection
	GlobalSection(ProjectConfigurationPlatforms) = postSolution
		{63D1136B-0D71-4901-A1DD-C1D9BB754441}.Debug|Any CPU.ActiveCfg = Debug|Any CPU
		{63D1136B-0D71-4901-A1DD-C1D9BB754441}.Debug|Any CPU.Build.0 = Debug|Any CPU
		{63D1136B-0D71-4901-A1DD-C1D9BB754441}.Release|Any CPU.ActiveCfg = Release|Any CPU
		{63D1136B-0D71-4901-A1DD-C1D9BB754441}.Release|Any CPU.Build.0 = Release|Any CPU
		{766B3021-C15D-4FC7-B4DD-B9579FBCEB7E}.Debug|Any CPU.ActiveCfg = Debug|Any CPU
		{766B3021-C15D-4FC7-B4DD-B9579FBCEB7E}.Debug|Any CPU.Build.0 = Debug|Any CPU
		{766B3021-C15D-4FC7-B4DD-B9579FBCEB7E}.Debug|Any CPU.Deploy.0 = Debug|Any CPU
		{766B3021-C15D-4FC7-B4DD-B9579FBCEB7E}.Release|Any CPU.ActiveCfg = Release|Any CPU
		{766B3021-C15D-4FC7-B4DD-B9579FBCEB7E}.Release|Any CPU.Build.0 = Release|Any CPU
		{766B3021-C15D-4FC7-B4DD-B9579FBCEB7E}.Release|Any CPU.Deploy.0 = Release|Any CPU
	EndGlobalSection
	GlobalSection(SolutionProperties) = preSolution
		HideSolutionNode = FALSE
	EndGlobalSection
	GlobalSection(ExtensibilityGlobals) = postSolution
		SolutionGuid = {DF7669C0-8B1E-4500-89BC-09D9DD468B1E}
	EndGlobalSection
EndGlobal
